PODS:
  - HGRippleRadarView (0.1.2)
  - TouchVisualizer (3.0.0)

DEPENDENCIES:
  - HGRippleRadarView (from `../`)
  - TouchVisualizer (~> 3.0.0)

SPEC REPOS:
  trunk:
    - TouchVisualizer

EXTERNAL SOURCES:
  HGRippleRadarView:
    :path: "../"

SPEC CHECKSUMS:
  HGRippleRadarView: 3d9c5cb3f45ef75b950cc48b3f97186fb73a8f37
  TouchVisualizer: 5cb21ff505c4e60166fe0c8e84a82e5d9ee9e64c

PODFILE CHECKSUM: 8fd59589cc5de491af0fe0a1c17ac7108545b1b3

COCOAPODS: 1.11.2
